// !$*UTF8*$!
{
	archiveVersion = 1;
	classes = {
	};
	objectVersion = 50;
	objects = {

/* Begin PBXBuildFile section */
		B00831D125E68F5E00FC2A34 /* AppDelegate.swift in Sources */ = {isa = PBXBuildFile; fileRef = B00831D025E68F5E00FC2A34 /* AppDelegate.swift */; };
		B00831D325E68F5E00FC2A34 /* SceneDelegate.swift in Sources */ = {isa = PBXBuildFile; fileRef = B00831D225E68F5E00FC2A34 /* SceneDelegate.swift */; };
		B00831D525E68F5E00FC2A34 /* ViewController.swift in Sources */ = {isa = PBXBuildFile; fileRef = B00831D425E68F5E00FC2A34 /* ViewController.swift */; };
		B00831D825E68F5E00FC2A34 /* Main.storyboard in Resources */ = {isa = PBXBuildFile; fileRef = B00831D625E68F5E00FC2A34 /* Main.storyboard */; };
		B00831DA25E68F5F00FC2A34 /* Assets.xcassets in Resources */ = {isa = PBXBuildFile; fileRef = B00831D925E68F5F00FC2A34 /* Assets.xcassets */; };
		B00831DD25E68F5F00FC2A34 /* LaunchScreen.storyboard in Resources */ = {isa = PBXBuildFile; fileRef = B00831DB25E68F5F00FC2A34 /* LaunchScreen.storyboard */; };
		B00831E625E68FD600FC2A34 /* IngredientProtocol.swift in Sources */ = {isa = PBXBuildFile; fileRef = B00831E525E68FD600FC2A34 /* IngredientProtocol.swift */; };
/* End PBXBuildFile section */

/* Begin PBXFileReference section */
		B00831CD25E68F5E00FC2A34 /* TestCoockerCalculator.app */ = {isa = PBXFileReference; explicitFileType = wrapper.application; includeInIndex = 0; path = TestCoockerCalculator.app; sourceTree = BUILT_PRODUCTS_DIR; };
		B00831D025E68F5E00FC2A34 /* AppDelegate.swift */ = {isa = PBXFileReference; lastKnownFileType = sourcecode.swift; path = AppDelegate.swift; sourceTree = "<group>"; };
		B00831D225E68F5E00FC2A34 /* SceneDelegate.swift */ = {isa = PBXFileReference; lastKnownFileType = sourcecode.swift; path = SceneDelegate.swift; sourceTree = "<group>"; };
		B00831D425E68F5E00FC2A34 /* ViewController.swift */ = {isa = PBXFileReference; lastKnownFileType = sourcecode.swift; path = ViewController.swift; sourceTree = "<group>"; };
		B00831D725E68F5E00FC2A34 /* Base */ = {isa = PBXFileReference; lastKnownFileType = file.storyboard; name = Base; path = Base.lproj/Main.storyboard; sourceTree = "<group>"; };
		B00831D925E68F5F00FC2A34 /* Assets.xcassets */ = {isa = PBXFileReference; lastKnownFileType = folder.assetcatalog; path = Assets.xcassets; sourceTree = "<group>"; };
		B00831DC25E68F5F00FC2A34 /* Base */ = {isa = PBXFileReference; lastKnownFileType = file.storyboard; name = Base; path = Base.lproj/LaunchScreen.storyboard; sourceTree = "<group>"; };
		B00831DE25E68F5F00FC2A34 /* Info.plist */ = {isa = PBXFileReference; lastKnownFileType = text.plist.xml; path = Info.plist; sourceTree = "<group>"; };
		B00831E525E68FD600FC2A34 /* IngredientProtocol.swift */ = {isa = PBXFileReference; lastKnownFileType = sourcecode.swift; path = IngredientProtocol.swift; sourceTree = "<group>"; };
/* End PBXFileReference section */

/* Begin PBXFrameworksBuildPhase section */
		B00831CA25E68F5E00FC2A34 /* Frameworks */ = {
			isa = PBXFrameworksBuildPhase;
			buildActionMask = 2147483647;
			files = (
			);
			runOnlyForDeploymentPostprocessing = 0;
		};
/* End PBXFrameworksBuildPhase section */

/* Begin PBXGroup section */
		B00831C425E68F5E00FC2A34 = {
			isa = PBXGroup;
			children = (
				B00831CF25E68F5E00FC2A34 /* TestCoockerCalculator */,
				B00831CE25E68F5E00FC2A34 /* Products */,
			);
			sourceTree = "<group>";
		};
		B00831CE25E68F5E00FC2A34 /* Products */ = {
			isa = PBXGroup;
			children = (
				B00831CD25E68F5E00FC2A34 /* TestCoockerCalculator.app */,
			);
			name = Products;
			sourceTree = "<group>";
		};
		B00831CF25E68F5E00FC2A34 /* TestCoockerCalculator */ = {
			isa = PBXGroup;
			children = (
				B00831D025E68F5E00FC2A34 /* AppDelegate.swift */,
				B00831D225E68F5E00FC2A34 /* SceneDelegate.swift */,
				B00831D425E68F5E00FC2A34 /* ViewController.swift */,
				B00831E525E68FD600FC2A34 /* IngredientProtocol.swift */,
				B00831E925E693FD00FC2A34 /* Ingredients */,
				B00831D625E68F5E00FC2A34 /* Main.storyboard */,
				B00831D925E68F5F00FC2A34 /* Assets.xcassets */,
				B00831DB25E68F5F00FC2A34 /* LaunchScreen.storyboard */,
				B00831DE25E68F5F00FC2A34 /* Info.plist */,
			);
			path = TestCoockerCalculator;
			sourceTree = "<group>";
		};
		B00831E925E693FD00FC2A34 /* Ingredients */ = {
			isa = PBXGroup;
			children = (
				B00831EA25E6940B00FC2A34 /* T1 */,
				B00831EB25E6941A00FC2A34 /* T2 */,
				B00831EC25E6953200FC2A34 /* T3 */,
				B00831ED25E6954900FC2A34 /* T4 */,
				B00831EE25E6955800FC2A34 /* T5 */,
				B00831EF25E6956F00FC2A34 /* T6 */,
			);
			name = Ingredients;
			sourceTree = "<group>";
		};
		B00831EA25E6940B00FC2A34 /* T1 */ = {
			isa = PBXGroup;
			children = (
			);
			name = T1;
			sourceTree = "<group>";
		};
		B00831EB25E6941A00FC2A34 /* T2 */ = {
			isa = PBXGroup;
			children = (
			);
			name = T2;
			sourceTree = "<group>";
		};
		B00831EC25E6953200FC2A34 /* T3 */ = {
			isa = PBXGroup;
			children = (
			);
			name = T3;
			sourceTree = "<group>";
		};
		B00831ED25E6954900FC2A34 /* T4 */ = {
			isa = PBXGroup;
			children = (
			);
			name = T4;
			sourceTree = "<group>";
		};
		B00831EE25E6955800FC2A34 /* T5 */ = {
			isa = PBXGroup;
			children = (
			);
			name = T5;
			sourceTree = "<group>";
		};
		B00831EF25E6956F00FC2A34 /* T6 */ = {
			isa = PBXGroup;
			children = (
			);
			name = T6;
			sourceTree = "<group>";
		};
/* End PBXGroup section */

/* Begin PBXNativeTarget section */
		B00831CC25E68F5E00FC2A34 /* TestCoockerCalculator */ = {
			isa = PBXNativeTarget;
			buildConfigurationList = B00831E125E68F5F00FC2A34 /* Build configuration list for PBXNativeTarget "TestCoockerCalculator" */;
			buildPhases = (
				B00831C925E68F5E00FC2A34 /* Sources */,
				B00831CA25E68F5E00FC2A34 /* Frameworks */,
				B00831CB25E68F5E00FC2A34 /* Resources */,
			);
			buildRules = (
			);
			dependencies = (
			);
			name = TestCoockerCalculator;
			productName = TestCoockerCalculator;
			productReference = B00831CD25E68F5E00FC2A34 /* TestCoockerCalculator.app */;
			productType = "com.apple.product-type.application";
		};
/* End PBXNativeTarget section */

/* Begin PBXProject section */
		B00831C525E68F5E00FC2A34 /* Project object */ = {
			isa = PBXProject;
			attributes = {
				LastSwiftUpdateCheck = 1240;
				LastUpgradeCheck = 1240;
				TargetAttributes = {
					B00831CC25E68F5E00FC2A34 = {
						CreatedOnToolsVersion = 12.4;
					};
				};
			};
			buildConfigurationList = B00831C825E68F5E00FC2A34 /* Build configuration list for PBXProject "TestCoockerCalculator" */;
			compatibilityVersion = "Xcode 9.3";
			developmentRegion = en;
			hasScannedForEncodings = 0;
			knownRegions = (
				en,
				Base,
			);
			mainGroup = B00831C425E68F5E00FC2A34;
			productRefGroup = B00831CE25E68F5E00FC2A34 /* Products */;
			projectDirPath = "";
			projectRoot = "";
			targets = (
				B00831CC25E68F5E00FC2A34 /* TestCoockerCalculator */,
			);
		};
/* End PBXProject section */

/* Begin PBXResourcesBuildPhase section */
		B00831CB25E68F5E00FC2A34 /* Resources */ = {
			isa = PBXResourcesBuildPhase;
			buildActionMask = 2147483647;
			files = (
				B00831DD25E68F5F00FC2A34 /* LaunchScreen.storyboard in Resources */,
				B00831DA25E68F5F00FC2A34 /* Assets.xcassets in Resources */,
				B00831D825E68F5E00FC2A34 /* Main.storyboard in Resources */,
			);
			runOnlyForDeploymentPostprocessing = 0;
		};
/* End PBXResourcesBuildPhase section */

/* Begin PBXSourcesBuildPhase section */
		B00831C925E68F5E00FC2A34 /* Sources */ = {
			isa = PBXSourcesBuildPhase;
			buildActionMask = 2147483647;
			files = (
				B00831D525E68F5E00FC2A34 /* ViewController.swift in Sources */,
				B00831D125E68F5E00FC2A34 /* AppDelegate.swift in Sources */,
				B00831E625E68FD600FC2A34 /* IngredientProtocol.swift in Sources */,
				B00831D325E68F5E00FC2A34 /* SceneDelegate.swift in Sources */,
			);
			runOnlyForDeploymentPostprocessing = 0;
		};
/* End PBXSourcesBuildPhase section */

/* Begin PBXVariantGroup section */
		B00831D625E68F5E00FC2A34 /* Main.storyboard */ = {
			isa = PBXVariantGroup;
			children = (
				B00831D725E68F5E00FC2A34 /* Base */,
			);
			name = Main.storyboard;
			sourceTree = "<group>";
		};
		B00831DB25E68F5F00FC2A34 /* LaunchScreen.storyboard */ = {
			isa = PBXVariantGroup;
			children = (
				B00831DC25E68F5F00FC2A34 /* Base */,
			);
			name = LaunchScreen.storyboard;
			sourceTree = "<group>";
		};
/* End PBXVariantGroup section */

/* Begin XCBuildConfiguration section */
		B00831DF25E68F5F00FC2A34 /* Debug */ = {
			isa = XCBuildConfiguration;
			buildSettings = {
				ALWAYS_SEARCH_USER_PATHS = NO;
				CLANG_ANALYZER_NONNULL = YES;
				CLANG_ANALYZER_NUMBER_OBJECT_CONVERSION = YES_AGGRESSIVE;
				CLANG_CXX_LANGUAGE_STANDARD = "gnu++14";
				CLANG_CXX_LIBRARY = "libc++";
				CLANG_ENABLE_MODULES = YES;
				CLANG_ENABLE_OBJC_ARC = YES;
				CLANG_ENABLE_OBJC_WEAK = YES;
				CLANG_WARN_BLOCK_CAPTURE_AUTORELEASING = YES;
				CLANG_WARN_BOOL_CONVERSION = YES;
				CLANG_WARN_COMMA = YES;
				CLANG_WARN_CONSTANT_CONVERSION = YES;
				CLANG_WARN_DEPRECATED_OBJC_IMPLEMENTATIONS = YES;
				CLANG_WARN_DIRECT_OBJC_ISA_USAGE = YES_ERROR;
				CLANG_WARN_DOCUMENTATION_COMMENTS = YES;
				CLANG_WARN_EMPTY_BODY = YES;
				CLANG_WARN_ENUM_CONVERSION = YES;
				CLANG_WARN_INFINITE_RECURSION = YES;
				CLANG_WARN_INT_CONVERSION = YES;
				CLANG_WARN_NON_LITERAL_NULL_CONVERSION = YES;
				CLANG_WARN_OBJC_IMPLICIT_RETAIN_SELF = YES;
				CLANG_WARN_OBJC_LITERAL_CONVERSION = YES;
				CLANG_WARN_OBJC_ROOT_CLASS = YES_ERROR;
				CLANG_WARN_QUOTED_INCLUDE_IN_FRAMEWORK_HEADER = YES;
				CLANG_WARN_RANGE_LOOP_ANALYSIS = YES;
				CLANG_WARN_STRICT_PROTOTYPES = YES;
				CLANG_WARN_SUSPICIOUS_MOVE = YES;
				CLANG_WARN_UNGUARDED_AVAILABILITY = YES_AGGRESSIVE;
				CLANG_WARN_UNREACHABLE_CODE = YES;
				CLANG_WARN__DUPLICATE_METHOD_MATCH = YES;
				COPY_PHASE_STRIP = NO;
				DEBUG_INFORMATION_FORMAT = dwarf;
				ENABLE_STRICT_OBJC_MSGSEND = YES;
				ENABLE_TESTABILITY = YES;
				GCC_C_LANGUAGE_STANDARD = gnu11;
				GCC_DYNAMIC_NO_PIC = NO;
				GCC_NO_COMMON_BLOCKS = YES;
				GCC_OPTIMIZATION_LEVEL = 0;
				GCC_PREPROCESSOR_DEFINITIONS = (
					"DEBUG=1",
					"$(inherited)",
				);
				GCC_WARN_64_TO_32_BIT_CONVERSION = YES;
				GCC_WARN_ABOUT_RETURN_TYPE = YES_ERROR;
				GCC_WARN_UNDECLARED_SELECTOR = YES;
				GCC_WARN_UNINITIALIZED_AUTOS = YES_AGGRESSIVE;
				GCC_WARN_UNUSED_FUNCTION = YES;
				GCC_WARN_UNUSED_VARIABLE = YES;
				IPHONEOS_DEPLOYMENT_TARGET = 14.4;
				MTL_ENABLE_DEBUG_INFO = INCLUDE_SOURCE;
				MTL_FAST_MATH = YES;
				ONLY_ACTIVE_ARCH = YES;
				SDKROOT = iphoneos;
				SWIFT_ACTIVE_COMPILATION_CONDITIONS = DEBUG;
				SWIFT_OPTIMIZATION_LEVEL = "-Onone";
			};
			name = Debug;
		};
		B00831E025E68F5F00FC2A34 /* Release */ = {
			isa = XCBuildConfiguration;
			buildSettings = {
				ALWAYS_SEARCH_USER_PATHS = NO;
				CLANG_ANALYZER_NONNULL = YES;
				CLANG_ANALYZER_NUMBER_OBJECT_CONVERSION = YES_AGGRESSIVE;
				CLANG_CXX_LANGUAGE_STANDARD = "gnu++14";
				CLANG_CXX_LIBRARY = "libc++";
				CLANG_ENABLE_MODULES = YES;
				CLANG_ENABLE_OBJC_ARC = YES;
				CLANG_ENABLE_OBJC_WEAK = YES;
				CLANG_WARN_BLOCK_CAPTURE_AUTORELEASING = YES;
				CLANG_WARN_BOOL_CONVERSION = YES;
				CLANG_WARN_COMMA = YES;
				CLANG_WARN_CONSTANT_CONVERSION = YES;
				CLANG_WARN_DEPRECATED_OBJC_IMPLEMENTATIONS = YES;
				CLANG_WARN_DIRECT_OBJC_ISA_USAGE = YES_ERROR;
				CLANG_WARN_DOCUMENTATION_COMMENTS = YES;
				CLANG_WARN_EMPTY_BODY = YES;
				CLANG_WARN_ENUM_CONVERSION = YES;
				CLANG_WARN_INFINITE_RECURSION = YES;
				CLANG_WARN_INT_CONVERSION = YES;
				CLANG_WARN_NON_LITERAL_NULL_CONVERSION = YES;
				CLANG_WARN_OBJC_IMPLICIT_RETAIN_SELF = YES;
				CLANG_WARN_OBJC_LITERAL_CONVERSION = YES;
				CLANG_WARN_OBJC_ROOT_CLASS = YES_ERROR;
				CLANG_WARN_QUOTED_INCLUDE_IN_FRAMEWORK_HEADER = YES;
				CLANG_WARN_RANGE_LOOP_ANALYSIS = YES;
				CLANG_WARN_STRICT_PROTOTYPES = YES;
				CLANG_WARN_SUSPICIOUS_MOVE = YES;
				CLANG_WARN_UNGUARDED_AVAILABILITY = YES_AGGRESSIVE;
				CLANG_WARN_UNREACHABLE_CODE = YES;
				CLANG_WARN__DUPLICATE_METHOD_MATCH = YES;
				COPY_PHASE_STRIP = NO;
				DEBUG_INFORMATION_FORMAT = "dwarf-with-dsym";
				ENABLE_NS_ASSERTIONS = NO;
				ENABLE_STRICT_OBJC_MSGSEND = YES;
				GCC_C_LANGUAGE_STANDARD = gnu11;
				GCC_NO_COMMON_BLOCKS = YES;
				GCC_WARN_64_TO_32_BIT_CONVERSION = YES;
				GCC_WARN_ABOUT_RETURN_TYPE = YES_ERROR;
				GCC_WARN_UNDECLARED_SELECTOR = YES;
				GCC_WARN_UNINITIALIZED_AUTOS = YES_AGGRESSIVE;
				GCC_WARN_UNUSED_FUNCTION = YES;
				GCC_WARN_UNUSED_VARIABLE = YES;
				IPHONEOS_DEPLOYMENT_TARGET = 14.4;
				MTL_ENABLE_DEBUG_INFO = NO;
				MTL_FAST_MATH = YES;
				SDKROOT = iphoneos;
				SWIFT_COMPILATION_MODE = wholemodule;
				SWIFT_OPTIMIZATION_LEVEL = "-O";
				VALIDATE_PRODUCT = YES;
			};
			name = Release;
		};
		B00831E225E68F5F00FC2A34 /* Debug */ = {
			isa = XCBuildConfiguration;
			buildSettings = {
				ASSETCATALOG_COMPILER_APPICON_NAME = AppIcon;
				ASSETCATALOG_COMPILER_GLOBAL_ACCENT_COLOR_NAME = AccentColor;
				CODE_SIGN_STYLE = Automatic;
				INFOPLIST_FILE = TestCoockerCalculator/Info.plist;
				LD_RUNPATH_SEARCH_PATHS = (
					"$(inherited)",
					"@executable_path/Frameworks",
				);
				PRODUCT_BUNDLE_IDENTIFIER = CoockerCalculator.TestCoockerCalculator;
				PRODUCT_NAME = "$(TARGET_NAME)";
				SWIFT_VERSION = 5.0;
				TARGETED_DEVICE_FAMILY = "1,2";
			};
			name = Debug;
		};
		B00831E325E68F5F00FC2A34 /* Release */ = {
			isa = XCBuildConfiguration;
			buildSettings = {
				ASSETCATALOG_COMPILER_APPICON_NAME = AppIcon;
				ASSETCATALOG_COMPILER_GLOBAL_ACCENT_COLOR_NAME = AccentColor;
				CODE_SIGN_STYLE = Automatic;
				INFOPLIST_FILE = TestCoockerCalculator/Info.plist;
				LD_RUNPATH_SEARCH_PATHS = (
					"$(inherited)",
					"@executable_path/Frameworks",
				);
				PRODUCT_BUNDLE_IDENTIFIER = CoockerCalculator.TestCoockerCalculator;
				PRODUCT_NAME = "$(TARGET_NAME)";
				SWIFT_VERSION = 5.0;
				TARGETED_DEVICE_FAMILY = "1,2";
			};
			name = Release;
		};
/* End XCBuildConfiguration section */

/* Begin XCConfigurationList section */
		B00831C825E68F5E00FC2A34 /* Build configuration list for PBXProject "TestCoockerCalculator" */ = {
			isa = XCConfigurationList;
			buildConfigurations = (
				B00831DF25E68F5F00FC2A34 /* Debug */,
				B00831E025E68F5F00FC2A34 /* Release */,
			);
			defaultConfigurationIsVisible = 0;
			defaultConfigurationName = Release;
		};
		B00831E125E68F5F00FC2A34 /* Build configuration list for PBXNativeTarget "TestCoockerCalculator" */ = {
			isa = XCConfigurationList;
			buildConfigurations = (
				B00831E225E68F5F00FC2A34 /* Debug */,
				B00831E325E68F5F00FC2A34 /* Release */,
			);
			defaultConfigurationIsVisible = 0;
			defaultConfigurationName = Release;
		};
/* End XCConfigurationList section */
	};
	rootObject = B00831C525E68F5E00FC2A34 /* Project object */;
}
